
Microsoft Visual Studio Solution File, Format Version 12.00
# Visual Studio Version 17
VisualStudioVersion = 17.14.36310.24 d17.14
MinimumVisualStudioVersion = 10.0.40219.1
Project("{FAE04EC0-301F-11D3-BF4B-00C04F79EFBC}") = "CAT - Acidente de Trabalho", "CAT - Acidente de Trabalho.csproj", "{29825AD3-075C-458F-AE0B-BFA471778D2D}"
EndProject
Global
	GlobalSection(SolutionConfigurationPlatforms) = preSolution
		Debug|Any CPU = Debug|Any CPU
		Release|Any CPU = Release|Any CPU
	EndGlobalSection
	GlobalSection(ProjectConfigurationPlatforms) = postSolution
		{29825AD3-075C-458F-AE0B-BFA471778D2D}.Debug|Any CPU.ActiveCfg = Debug|Any CPU
		{29825AD3-075C-458F-AE0B-BFA471778D2D}.Debug|Any CPU.Build.0 = Debug|Any CPU
		{29825AD3-075C-458F-AE0B-BFA471778D2D}.Release|Any CPU.ActiveCfg = Release|Any CPU
		{29825AD3-075C-458F-AE0B-BFA471778D2D}.Release|Any CPU.Build.0 = Release|Any CPU
	EndGlobalSection
	GlobalSection(SolutionProperties) = preSolution
		HideSolutionNode = FALSE
	EndGlobalSection
	GlobalSection(ExtensibilityGlobals) = postSolution
		SolutionGuid = {89B8971F-6AEA-42F8-995F-958EB8973989}
	EndGlobalSection
EndGlobal
