
Microsoft Visual Studio Solution File, Format Version 12.00
# Visual Studio Version 17
VisualStudioVersion = 17.14.36310.24 d17.14
MinimumVisualStudioVersion = 10.0.40219.1
Project("{FAE04EC0-301F-11D3-BF4B-00C04F79EFBC}") = "switch", "switch.csproj", "{CA3D889A-9F28-4AEB-A531-A986D8EECF6B}"
EndProject
Global
	GlobalSection(SolutionConfigurationPlatforms) = preSolution
		Debug|Any CPU = Debug|Any CPU
		Release|Any CPU = Release|Any CPU
	EndGlobalSection
	GlobalSection(ProjectConfigurationPlatforms) = postSolution
		{CA3D889A-9F28-4AEB-A531-A986D8EECF6B}.Debug|Any CPU.ActiveCfg = Debug|Any CPU
		{CA3D889A-9F28-4AEB-A531-A986D8EECF6B}.Debug|Any CPU.Build.0 = Debug|Any CPU
		{CA3D889A-9F28-4AEB-A531-A986D8EECF6B}.Release|Any CPU.ActiveCfg = Release|Any CPU
		{CA3D889A-9F28-4AEB-A531-A986D8EECF6B}.Release|Any CPU.Build.0 = Release|Any CPU
	EndGlobalSection
	GlobalSection(SolutionProperties) = preSolution
		HideSolutionNode = FALSE
	EndGlobalSection
	GlobalSection(ExtensibilityGlobals) = postSolution
		SolutionGuid = {4F31F24D-DD5F-4D6A-9AFD-A08876303E49}
	EndGlobalSection
EndGlobal
